// !$*UTF8*$!
{
	archiveVersion = 1;
	classes = {
	};
	objectVersion = 46;
	objects = {

/* Begin PBXBuildFile section */
		80EF89551C8F66F6005781DF /* VaporCurassow.swift in Sources */ = {isa = PBXBuildFile; fileRef = 80EF89541C8F66F6005781DF /* VaporCurassow.swift */; };
/* End PBXBuildFile section */

/* Begin PBXCopyFilesBuildPhase section */
		80D05EA91C8E4F1E00E1B356 /* CopyFiles */ = {
			isa = PBXCopyFilesBuildPhase;
			buildActionMask = 2147483647;
			dstPath = /usr/share/man/man1/;
			dstSubfolderSpec = 0;
			files = (
			);
			runOnlyForDeploymentPostprocessing = 1;
		};
/* End PBXCopyFilesBuildPhase section */

/* Begin PBXFileReference section */
		80D05EAB1C8E4F1E00E1B356 /* Vapor+Curassow */ = {isa = PBXFileReference; explicitFileType = "compiled.mach-o.executable"; includeInIndex = 0; path = "Vapor+Curassow"; sourceTree = BUILT_PRODUCTS_DIR; };
		80EF89541C8F66F6005781DF /* VaporCurassow.swift */ = {isa = PBXFileReference; fileEncoding = 4; lastKnownFileType = sourcecode.swift; name = VaporCurassow.swift; path = Sources/VaporCurassow.swift; sourceTree = SOURCE_ROOT; };
/* End PBXFileReference section */

/* Begin PBXFrameworksBuildPhase section */
		80D05EA81C8E4F1E00E1B356 /* Frameworks */ = {
			isa = PBXFrameworksBuildPhase;
			buildActionMask = 2147483647;
			files = (
			);
			runOnlyForDeploymentPostprocessing = 0;
		};
/* End PBXFrameworksBuildPhase section */

/* Begin PBXGroup section */
		80D05EA21C8E4F1E00E1B356 = {
			isa = PBXGroup;
			children = (
				80D05EAD1C8E4F1E00E1B356 /* Vapor+Curassow */,
				80D05EAC1C8E4F1E00E1B356 /* Products */,
			);
			sourceTree = "<group>";
		};
		80D05EAC1C8E4F1E00E1B356 /* Products */ = {
			isa = PBXGroup;
			children = (
				80D05EAB1C8E4F1E00E1B356 /* Vapor+Curassow */,
			);
			name = Products;
			sourceTree = "<group>";
		};
		80D05EAD1C8E4F1E00E1B356 /* Vapor+Curassow */ = {
			isa = PBXGroup;
			children = (
				80EF89541C8F66F6005781DF /* VaporCurassow.swift */,
			);
			path = "Vapor+Curassow";
			sourceTree = "<group>";
		};
/* End PBXGroup section */

/* Begin PBXNativeTarget section */
		80D05EAA1C8E4F1E00E1B356 /* Vapor+Curassow */ = {
			isa = PBXNativeTarget;
			buildConfigurationList = 80D05EB21C8E4F1E00E1B356 /* Build configuration list for PBXNativeTarget "Vapor+Curassow" */;
			buildPhases = (
				80D05EA71C8E4F1E00E1B356 /* Sources */,
				80D05EA81C8E4F1E00E1B356 /* Frameworks */,
				80D05EA91C8E4F1E00E1B356 /* CopyFiles */,
			);
			buildRules = (
			);
			dependencies = (
			);
			name = "Vapor+Curassow";
			productName = "Vapor+Curassow";
			productReference = 80D05EAB1C8E4F1E00E1B356 /* Vapor+Curassow */;
			productType = "com.apple.product-type.tool";
		};
/* End PBXNativeTarget section */

/* Begin PBXProject section */
		80D05EA31C8E4F1E00E1B356 /* Project object */ = {
			isa = PBXProject;
			attributes = {
				LastSwiftUpdateCheck = 0730;
				LastUpgradeCheck = 0730;
				ORGANIZATIONNAME = loganwright;
				TargetAttributes = {
					80D05EAA1C8E4F1E00E1B356 = {
						CreatedOnToolsVersion = 7.3;
					};
				};
			};
			buildConfigurationList = 80D05EA61C8E4F1E00E1B356 /* Build configuration list for PBXProject "Vapor+Curassow" */;
			compatibilityVersion = "Xcode 3.2";
			developmentRegion = English;
			hasScannedForEncodings = 0;
			knownRegions = (
				en,
			);
			mainGroup = 80D05EA21C8E4F1E00E1B356;
			productRefGroup = 80D05EAC1C8E4F1E00E1B356 /* Products */;
			projectDirPath = "";
			projectRoot = "";
			targets = (
				80D05EAA1C8E4F1E00E1B356 /* Vapor+Curassow */,
			);
		};
/* End PBXProject section */

/* Begin PBXSourcesBuildPhase section */
		80D05EA71C8E4F1E00E1B356 /* Sources */ = {
			isa = PBXSourcesBuildPhase;
			buildActionMask = 2147483647;
			files = (
				80EF89551C8F66F6005781DF /* VaporCurassow.swift in Sources */,
			);
			runOnlyForDeploymentPostprocessing = 0;
		};
/* End PBXSourcesBuildPhase section */

/* Begin XCBuildConfiguration section */
		80D05EB01C8E4F1E00E1B356 /* Debug */ = {
			isa = XCBuildConfiguration;
			buildSettings = {
				ALWAYS_SEARCH_USER_PATHS = NO;
				CLANG_ANALYZER_NONNULL = YES;
				CLANG_CXX_LANGUAGE_STANDARD = "gnu++0x";
				CLANG_CXX_LIBRARY = "libc++";
				CLANG_ENABLE_MODULES = YES;
				CLANG_ENABLE_OBJC_ARC = YES;
				CLANG_WARN_BOOL_CONVERSION = YES;
				CLANG_WARN_CONSTANT_CONVERSION = YES;
				CLANG_WARN_DIRECT_OBJC_ISA_USAGE = YES_ERROR;
				CLANG_WARN_EMPTY_BODY = YES;
				CLANG_WARN_ENUM_CONVERSION = YES;
				CLANG_WARN_INT_CONVERSION = YES;
				CLANG_WARN_OBJC_ROOT_CLASS = YES_ERROR;
				CLANG_WARN_UNREACHABLE_CODE = YES;
				CLANG_WARN__DUPLICATE_METHOD_MATCH = YES;
				CODE_SIGN_IDENTITY = "-";
				COPY_PHASE_STRIP = NO;
				DEBUG_INFORMATION_FORMAT = dwarf;
				ENABLE_STRICT_OBJC_MSGSEND = YES;
				ENABLE_TESTABILITY = YES;
				GCC_C_LANGUAGE_STANDARD = gnu99;
				GCC_DYNAMIC_NO_PIC = NO;
				GCC_NO_COMMON_BLOCKS = YES;
				GCC_OPTIMIZATION_LEVEL = 0;
				GCC_PREPROCESSOR_DEFINITIONS = (
					"DEBUG=1",
					"$(inherited)",
				);
				GCC_WARN_64_TO_32_BIT_CONVERSION = YES;
				GCC_WARN_ABOUT_RETURN_TYPE = YES_ERROR;
				GCC_WARN_UNDECLARED_SELECTOR = YES;
				GCC_WARN_UNINITIALIZED_AUTOS = YES_AGGRESSIVE;
				GCC_WARN_UNUSED_FUNCTION = YES;
				GCC_WARN_UNUSED_VARIABLE = YES;
				MACOSX_DEPLOYMENT_TARGET = 10.11;
				MTL_ENABLE_DEBUG_INFO = YES;
				ONLY_ACTIVE_ARCH = YES;
				SDKROOT = macosx;
				SWIFT_OPTIMIZATION_LEVEL = "-Onone";
			};
			name = Debug;
		};
		80D05EB11C8E4F1E00E1B356 /* Release */ = {
			isa = XCBuildConfiguration;
			buildSettings = {
				ALWAYS_SEARCH_USER_PATHS = NO;
				CLANG_ANALYZER_NONNULL = YES;
				CLANG_CXX_LANGUAGE_STANDARD = "gnu++0x";
				CLANG_CXX_LIBRARY = "libc++";
				CLANG_ENABLE_MODULES = YES;
				CLANG_ENABLE_OBJC_ARC = YES;
				CLANG_WARN_BOOL_CONVERSION = YES;
				CLANG_WARN_CONSTANT_CONVERSION = YES;
				CLANG_WARN_DIRECT_OBJC_ISA_USAGE = YES_ERROR;
				CLANG_WARN_EMPTY_BODY = YES;
				CLANG_WARN_ENUM_CONVERSION = YES;
				CLANG_WARN_INT_CONVERSION = YES;
				CLANG_WARN_OBJC_ROOT_CLASS = YES_ERROR;
				CLANG_WARN_UNREACHABLE_CODE = YES;
				CLANG_WARN__DUPLICATE_METHOD_MATCH = YES;
				CODE_SIGN_IDENTITY = "-";
				COPY_PHASE_STRIP = NO;
				DEBUG_INFORMATION_FORMAT = "dwarf-with-dsym";
				ENABLE_NS_ASSERTIONS = NO;
				ENABLE_STRICT_OBJC_MSGSEND = YES;
				GCC_C_LANGUAGE_STANDARD = gnu99;
				GCC_NO_COMMON_BLOCKS = YES;
				GCC_WARN_64_TO_32_BIT_CONVERSION = YES;
				GCC_WARN_ABOUT_RETURN_TYPE = YES_ERROR;
				GCC_WARN_UNDECLARED_SELECTOR = YES;
				GCC_WARN_UNINITIALIZED_AUTOS = YES_AGGRESSIVE;
				GCC_WARN_UNUSED_FUNCTION = YES;
				GCC_WARN_UNUSED_VARIABLE = YES;
				MACOSX_DEPLOYMENT_TARGET = 10.11;
				MTL_ENABLE_DEBUG_INFO = NO;
				SDKROOT = macosx;
			};
			name = Release;
		};
		80D05EB31C8E4F1E00E1B356 /* Debug */ = {
			isa = XCBuildConfiguration;
			buildSettings = {
				CLANG_ENABLE_MODULES = YES;
				LD_RUNPATH_SEARCH_PATHS = "$(inherited) @executable_path/../Frameworks @loader_path/../Frameworks";
				PRODUCT_NAME = "$(TARGET_NAME)";
				SWIFT_INCLUDE_PATHS = "$(SRCROOT)/.build/debug";
				SWIFT_OPTIMIZATION_LEVEL = "-Onone";
			};
			name = Debug;
		};
		80D05EB41C8E4F1E00E1B356 /* Release */ = {
			isa = XCBuildConfiguration;
			buildSettings = {
				CLANG_ENABLE_MODULES = YES;
				LD_RUNPATH_SEARCH_PATHS = "$(inherited) @executable_path/../Frameworks @loader_path/../Frameworks";
				PRODUCT_NAME = "$(TARGET_NAME)";
				SWIFT_INCLUDE_PATHS = "$(SRCROOT)/.build/release";
			};
			name = Release;
		};
/* End XCBuildConfiguration section */

/* Begin XCConfigurationList section */
		80D05EA61C8E4F1E00E1B356 /* Build configuration list for PBXProject "Vapor+Curassow" */ = {
			isa = XCConfigurationList;
			buildConfigurations = (
				80D05EB01C8E4F1E00E1B356 /* Debug */,
				80D05EB11C8E4F1E00E1B356 /* Release */,
			);
			defaultConfigurationIsVisible = 0;
			defaultConfigurationName = Release;
		};
		80D05EB21C8E4F1E00E1B356 /* Build configuration list for PBXNativeTarget "Vapor+Curassow" */ = {
			isa = XCConfigurationList;
			buildConfigurations = (
				80D05EB31C8E4F1E00E1B356 /* Debug */,
				80D05EB41C8E4F1E00E1B356 /* Release */,
			);
			defaultConfigurationIsVisible = 0;
			defaultConfigurationName = Release;
		};
/* End XCConfigurationList section */
	};
	rootObject = 80D05EA31C8E4F1E00E1B356 /* Project object */;
}
